Microsoft Visual Studio Solution File, Format Version 12.00
# Visual Studio Version 17
VisualStudioVersion = 17.5.2.0
MinimumVisualStudioVersion = 10.0.40219.1
Project("{FAE04EC0-301F-11D3-BF4B-00C04F79EFBC}") = "Returnly", "Returnly.csproj", "{E1DC20EC-1C01-9A62-E54E-16B48882BD69}"
EndProject
Global
	GlobalSection(SolutionConfigurationPlatforms) = preSolution
		Debug|Any CPU = Debug|Any CPU
		Release|Any CPU = Release|Any CPU
	EndGlobalSection
	GlobalSection(ProjectConfigurationPlatforms) = postSolution
		{E1DC20EC-1C01-9A62-E54E-16B48882BD69}.Debug|Any CPU.ActiveCfg = Debug|Any CPU
		{E1DC20EC-1C01-9A62-E54E-16B48882BD69}.Debug|Any CPU.Build.0 = Debug|Any CPU
		{E1DC20EC-1C01-9A62-E54E-16B48882BD69}.Release|Any CPU.ActiveCfg = Release|Any CPU
		{E1DC20EC-1C01-9A62-E54E-16B48882BD69}.Release|Any CPU.Build.0 = Release|Any CPU
	EndGlobalSection
	GlobalSection(SolutionProperties) = preSolution
		HideSolutionNode = FALSE
	EndGlobalSection
	GlobalSection(ExtensibilityGlobals) = postSolution
		SolutionGuid = {A768432B-B370-4335-B442-2D7FEE4CFB14}
	EndGlobalSection
EndGlobal
